
Microsoft Visual Studio Solution File, Format Version 12.00
# Visual Studio Version 16
VisualStudioVersion = 16.0.29613.14
MinimumVisualStudioVersion = 10.0.40219.1
Project("{2150E333-8FDC-42A3-9474-1A3956D46DE8}") = "Libraries", "Libraries", "{AE431899-FA47-4CE0-9BA0-6C7DB774FAAF}"
EndProject
Project("{2150E333-8FDC-42A3-9474-1A3956D46DE8}") = "Plugins", "Plugins", "{6555E2BD-D9A9-42AE-B47F-54812B00403C}"
EndProject
Project("{2150E333-8FDC-42A3-9474-1A3956D46DE8}") = "Presentation", "Presentation", "{855345CE-424B-445B-B813-FB40B6FFCD31}"
EndProject
Project("{FAE04EC0-301F-11D3-BF4B-00C04F79EFBC}") = "Arch.Core", "Arch.Core\Arch.Core.csproj", "{C8D5A08B-6359-4DDB-BE4E-C4AAB7BE22B3}"
EndProject
Project("{FAE04EC0-301F-11D3-BF4B-00C04F79EFBC}") = "Arch.Data", "Arch.Data\Arch.Data.csproj", "{DF0DE62E-7050-428B-83C4-2FD1853F1A26}"
EndProject
Project("{FAE04EC0-301F-11D3-BF4B-00C04F79EFBC}") = "Arch.Dto", "Arch.Dto\Arch.Dto.csproj", "{F0AF8C0E-17B5-40AF-91F4-47148688F816}"
EndProject
Project("{FAE04EC0-301F-11D3-BF4B-00C04F79EFBC}") = "Arch.IoC", "Arch.IoC\Arch.IoC.csproj", "{3ED40E5A-8E8B-4EF5-A042-F6AE0BD6F568}"
EndProject
Project("{FAE04EC0-301F-11D3-BF4B-00C04F79EFBC}") = "Arch.Service", "Arch.Service\Arch.Service.csproj", "{8B6EE1F0-C7BC-4ED5-97CA-F6FD3439076F}"
EndProject
Project("{FAE04EC0-301F-11D3-BF4B-00C04F79EFBC}") = "Arch.Utilities", "Arch.Utilities\Arch.Utilities.csproj", "{04B9FF18-5EDE-4126-B9D7-ADE870E65BD8}"
EndProject
Project("{FAE04EC0-301F-11D3-BF4B-00C04F79EFBC}") = "Arch.Web", "Arch.Web\Arch.Web.csproj", "{4DFCE3D8-004C-415D-8F76-A4EAD3D2A342}"
EndProject
Project("{FAE04EC0-301F-11D3-BF4B-00C04F79EFBC}") = "Arch.WepApi", "Arch.WepApi\Arch.WepApi.csproj", "{8B561FC7-57D5-4FC9-BAA5-802FC1A35954}"
EndProject
Project("{FAE04EC0-301F-11D3-BF4B-00C04F79EFBC}") = "Arch.Web.Framework", "Arch.Web.Framework\Arch.Web.Framework.csproj", "{9EEBE2FC-31BD-420A-B723-BC1A5EDDD5A4}"
EndProject
Global
	GlobalSection(SolutionConfigurationPlatforms) = preSolution
		Debug|Any CPU = Debug|Any CPU
		Release|Any CPU = Release|Any CPU
	EndGlobalSection
	GlobalSection(ProjectConfigurationPlatforms) = postSolution
		{C8D5A08B-6359-4DDB-BE4E-C4AAB7BE22B3}.Debug|Any CPU.ActiveCfg = Debug|Any CPU
		{C8D5A08B-6359-4DDB-BE4E-C4AAB7BE22B3}.Debug|Any CPU.Build.0 = Debug|Any CPU
		{C8D5A08B-6359-4DDB-BE4E-C4AAB7BE22B3}.Release|Any CPU.ActiveCfg = Release|Any CPU
		{C8D5A08B-6359-4DDB-BE4E-C4AAB7BE22B3}.Release|Any CPU.Build.0 = Release|Any CPU
		{DF0DE62E-7050-428B-83C4-2FD1853F1A26}.Debug|Any CPU.ActiveCfg = Debug|Any CPU
		{DF0DE62E-7050-428B-83C4-2FD1853F1A26}.Debug|Any CPU.Build.0 = Debug|Any CPU
		{DF0DE62E-7050-428B-83C4-2FD1853F1A26}.Release|Any CPU.ActiveCfg = Release|Any CPU
		{DF0DE62E-7050-428B-83C4-2FD1853F1A26}.Release|Any CPU.Build.0 = Release|Any CPU
		{F0AF8C0E-17B5-40AF-91F4-47148688F816}.Debug|Any CPU.ActiveCfg = Debug|Any CPU
		{F0AF8C0E-17B5-40AF-91F4-47148688F816}.Debug|Any CPU.Build.0 = Debug|Any CPU
		{F0AF8C0E-17B5-40AF-91F4-47148688F816}.Release|Any CPU.ActiveCfg = Release|Any CPU
		{F0AF8C0E-17B5-40AF-91F4-47148688F816}.Release|Any CPU.Build.0 = Release|Any CPU
		{3ED40E5A-8E8B-4EF5-A042-F6AE0BD6F568}.Debug|Any CPU.ActiveCfg = Debug|Any CPU
		{3ED40E5A-8E8B-4EF5-A042-F6AE0BD6F568}.Debug|Any CPU.Build.0 = Debug|Any CPU
		{3ED40E5A-8E8B-4EF5-A042-F6AE0BD6F568}.Release|Any CPU.ActiveCfg = Release|Any CPU
		{3ED40E5A-8E8B-4EF5-A042-F6AE0BD6F568}.Release|Any CPU.Build.0 = Release|Any CPU
		{8B6EE1F0-C7BC-4ED5-97CA-F6FD3439076F}.Debug|Any CPU.ActiveCfg = Debug|Any CPU
		{8B6EE1F0-C7BC-4ED5-97CA-F6FD3439076F}.Debug|Any CPU.Build.0 = Debug|Any CPU
		{8B6EE1F0-C7BC-4ED5-97CA-F6FD3439076F}.Release|Any CPU.ActiveCfg = Release|Any CPU
		{8B6EE1F0-C7BC-4ED5-97CA-F6FD3439076F}.Release|Any CPU.Build.0 = Release|Any CPU
		{04B9FF18-5EDE-4126-B9D7-ADE870E65BD8}.Debug|Any CPU.ActiveCfg = Debug|Any CPU
		{04B9FF18-5EDE-4126-B9D7-ADE870E65BD8}.Debug|Any CPU.Build.0 = Debug|Any CPU
		{04B9FF18-5EDE-4126-B9D7-ADE870E65BD8}.Release|Any CPU.ActiveCfg = Release|Any CPU
		{04B9FF18-5EDE-4126-B9D7-ADE870E65BD8}.Release|Any CPU.Build.0 = Release|Any CPU
		{4DFCE3D8-004C-415D-8F76-A4EAD3D2A342}.Debug|Any CPU.ActiveCfg = Debug|Any CPU
		{4DFCE3D8-004C-415D-8F76-A4EAD3D2A342}.Debug|Any CPU.Build.0 = Debug|Any CPU
		{4DFCE3D8-004C-415D-8F76-A4EAD3D2A342}.Release|Any CPU.ActiveCfg = Release|Any CPU
		{4DFCE3D8-004C-415D-8F76-A4EAD3D2A342}.Release|Any CPU.Build.0 = Release|Any CPU
		{8B561FC7-57D5-4FC9-BAA5-802FC1A35954}.Debug|Any CPU.ActiveCfg = Debug|Any CPU
		{8B561FC7-57D5-4FC9-BAA5-802FC1A35954}.Debug|Any CPU.Build.0 = Debug|Any CPU
		{8B561FC7-57D5-4FC9-BAA5-802FC1A35954}.Release|Any CPU.ActiveCfg = Release|Any CPU
		{8B561FC7-57D5-4FC9-BAA5-802FC1A35954}.Release|Any CPU.Build.0 = Release|Any CPU
		{9EEBE2FC-31BD-420A-B723-BC1A5EDDD5A4}.Debug|Any CPU.ActiveCfg = Debug|Any CPU
		{9EEBE2FC-31BD-420A-B723-BC1A5EDDD5A4}.Debug|Any CPU.Build.0 = Debug|Any CPU
		{9EEBE2FC-31BD-420A-B723-BC1A5EDDD5A4}.Release|Any CPU.ActiveCfg = Release|Any CPU
		{9EEBE2FC-31BD-420A-B723-BC1A5EDDD5A4}.Release|Any CPU.Build.0 = Release|Any CPU
	EndGlobalSection
	GlobalSection(SolutionProperties) = preSolution
		HideSolutionNode = FALSE
	EndGlobalSection
	GlobalSection(NestedProjects) = preSolution
		{C8D5A08B-6359-4DDB-BE4E-C4AAB7BE22B3} = {AE431899-FA47-4CE0-9BA0-6C7DB774FAAF}
		{DF0DE62E-7050-428B-83C4-2FD1853F1A26} = {AE431899-FA47-4CE0-9BA0-6C7DB774FAAF}
		{F0AF8C0E-17B5-40AF-91F4-47148688F816} = {AE431899-FA47-4CE0-9BA0-6C7DB774FAAF}
		{3ED40E5A-8E8B-4EF5-A042-F6AE0BD6F568} = {AE431899-FA47-4CE0-9BA0-6C7DB774FAAF}
		{8B6EE1F0-C7BC-4ED5-97CA-F6FD3439076F} = {AE431899-FA47-4CE0-9BA0-6C7DB774FAAF}
		{04B9FF18-5EDE-4126-B9D7-ADE870E65BD8} = {6555E2BD-D9A9-42AE-B47F-54812B00403C}
		{4DFCE3D8-004C-415D-8F76-A4EAD3D2A342} = {855345CE-424B-445B-B813-FB40B6FFCD31}
		{8B561FC7-57D5-4FC9-BAA5-802FC1A35954} = {855345CE-424B-445B-B813-FB40B6FFCD31}
		{9EEBE2FC-31BD-420A-B723-BC1A5EDDD5A4} = {855345CE-424B-445B-B813-FB40B6FFCD31}
	EndGlobalSection
	GlobalSection(ExtensibilityGlobals) = postSolution
		SolutionGuid = {DA599DCC-B0F3-4AA4-BDE7-8D37ECE15917}
	EndGlobalSection
EndGlobal
